// !$*UTF8*$!
{
	archiveVersion = 1;
	classes = {
	};
	objectVersion = 46;
	objects = {

/* Begin PBXBuildFile section */
		840698411C4D80A500B92DD6 /* main.m in Sources */ = {isa = PBXBuildFile; fileRef = 840698401C4D80A500B92DD6 /* main.m */; };
		840698441C4D80A500B92DD6 /* AppDelegate.m in Sources */ = {isa = PBXBuildFile; fileRef = 840698431C4D80A500B92DD6 /* AppDelegate.m */; };
		840698471C4D80A500B92DD6 /* ViewController.m in Sources */ = {isa = PBXBuildFile; fileRef = 840698461C4D80A500B92DD6 /* ViewController.m */; };
		8406984A1C4D80A600B92DD6 /* Main.storyboard in Resources */ = {isa = PBXBuildFile; fileRef = 840698481C4D80A600B92DD6 /* Main.storyboard */; };
		8406984C1C4D80A600B92DD6 /* Assets.xcassets in Resources */ = {isa = PBXBuildFile; fileRef = 8406984B1C4D80A600B92DD6 /* Assets.xcassets */; };
		8406984F1C4D80A600B92DD6 /* LaunchScreen.storyboard in Resources */ = {isa = PBXBuildFile; fileRef = 8406984D1C4D80A600B92DD6 /* LaunchScreen.storyboard */; };
		8449E6DC1C4EC2CC00EE9E24 /* UserDefaultsSettings.m in Sources */ = {isa = PBXBuildFile; fileRef = 8449E6DB1C4EC2CC00EE9E24 /* UserDefaultsSettings.m */; };
		8449E6E11C4EC4F900EE9E24 /* City.m in Sources */ = {isa = PBXBuildFile; fileRef = 8449E6E01C4EC4F900EE9E24 /* City.m */; };
		8449E6E51C4EC88B00EE9E24 /* TabBarController.m in Sources */ = {isa = PBXBuildFile; fileRef = 8449E6E41C4EC88B00EE9E24 /* TabBarController.m */; };
		8449E6E91C4ED87600EE9E24 /* Network.m in Sources */ = {isa = PBXBuildFile; fileRef = 8449E6E81C4ED87600EE9E24 /* Network.m */; };
		C202C8631C4FE89900824178 /* MessageController.m in Sources */ = {isa = PBXBuildFile; fileRef = C202C8621C4FE89900824178 /* MessageController.m */; };
		C21548EE1C50E82800DB6C8A /* CitiesViewController.m in Sources */ = {isa = PBXBuildFile; fileRef = C21548ED1C50E82800DB6C8A /* CitiesViewController.m */; };
/* End PBXBuildFile section */

/* Begin PBXFileReference section */
		8406983C1C4D80A500B92DD6 /* resultantTest.app */ = {isa = PBXFileReference; explicitFileType = wrapper.application; includeInIndex = 0; path = resultantTest.app; sourceTree = BUILT_PRODUCTS_DIR; };
		840698401C4D80A500B92DD6 /* main.m */ = {isa = PBXFileReference; lastKnownFileType = sourcecode.c.objc; path = main.m; sourceTree = "<group>"; };
		840698421C4D80A500B92DD6 /* AppDelegate.h */ = {isa = PBXFileReference; lastKnownFileType = sourcecode.c.h; path = AppDelegate.h; sourceTree = "<group>"; };
		840698431C4D80A500B92DD6 /* AppDelegate.m */ = {isa = PBXFileReference; lastKnownFileType = sourcecode.c.objc; path = AppDelegate.m; sourceTree = "<group>"; };
		840698451C4D80A500B92DD6 /* ViewController.h */ = {isa = PBXFileReference; lastKnownFileType = sourcecode.c.h; name = ViewController.h; path = resultantTest/ViewController.h; sourceTree = SOURCE_ROOT; };
		840698461C4D80A500B92DD6 /* ViewController.m */ = {isa = PBXFileReference; lastKnownFileType = sourcecode.c.objc; name = ViewController.m; path = resultantTest/ViewController.m; sourceTree = SOURCE_ROOT; };
		840698491C4D80A600B92DD6 /* Base */ = {isa = PBXFileReference; lastKnownFileType = file.storyboard; name = Base; path = Base.lproj/Main.storyboard; sourceTree = "<group>"; };
		8406984B1C4D80A600B92DD6 /* Assets.xcassets */ = {isa = PBXFileReference; lastKnownFileType = folder.assetcatalog; path = Assets.xcassets; sourceTree = "<group>"; };
		8406984E1C4D80A600B92DD6 /* Base */ = {isa = PBXFileReference; lastKnownFileType = file.storyboard; name = Base; path = Base.lproj/LaunchScreen.storyboard; sourceTree = "<group>"; };
		840698501C4D80A600B92DD6 /* Info.plist */ = {isa = PBXFileReference; lastKnownFileType = text.plist.xml; path = Info.plist; sourceTree = "<group>"; };
		8449E6DA1C4EC2CC00EE9E24 /* UserDefaultsSettings.h */ = {isa = PBXFileReference; fileEncoding = 4; lastKnownFileType = sourcecode.c.h; path = UserDefaultsSettings.h; sourceTree = "<group>"; };
		8449E6DB1C4EC2CC00EE9E24 /* UserDefaultsSettings.m */ = {isa = PBXFileReference; fileEncoding = 4; lastKnownFileType = sourcecode.c.objc; path = UserDefaultsSettings.m; sourceTree = "<group>"; };
		8449E6DF1C4EC4F900EE9E24 /* City.h */ = {isa = PBXFileReference; fileEncoding = 4; lastKnownFileType = sourcecode.c.h; path = City.h; sourceTree = "<group>"; };
		8449E6E01C4EC4F900EE9E24 /* City.m */ = {isa = PBXFileReference; fileEncoding = 4; lastKnownFileType = sourcecode.c.objc; path = City.m; sourceTree = "<group>"; };
		8449E6E31C4EC88B00EE9E24 /* TabBarController.h */ = {isa = PBXFileReference; fileEncoding = 4; lastKnownFileType = sourcecode.c.h; path = TabBarController.h; sourceTree = "<group>"; };
		8449E6E41C4EC88B00EE9E24 /* TabBarController.m */ = {isa = PBXFileReference; fileEncoding = 4; lastKnownFileType = sourcecode.c.objc; path = TabBarController.m; sourceTree = "<group>"; };
		8449E6E71C4ED87600EE9E24 /* Network.h */ = {isa = PBXFileReference; fileEncoding = 4; lastKnownFileType = sourcecode.c.h; path = Network.h; sourceTree = "<group>"; };
		8449E6E81C4ED87600EE9E24 /* Network.m */ = {isa = PBXFileReference; fileEncoding = 4; lastKnownFileType = sourcecode.c.objc; path = Network.m; sourceTree = "<group>"; };
		9548C4361C50D7F00009F07D /* CitiesViewController.h */ = {isa = PBXFileReference; fileEncoding = 4; lastKnownFileType = sourcecode.c.h; path = CitiesViewController.h; sourceTree = "<group>"; };
		C202C8611C4FE89900824178 /* MessageController.h */ = {isa = PBXFileReference; fileEncoding = 4; lastKnownFileType = sourcecode.c.h; path = MessageController.h; sourceTree = "<group>"; };
		C202C8621C4FE89900824178 /* MessageController.m */ = {isa = PBXFileReference; fileEncoding = 4; lastKnownFileType = sourcecode.c.objc; path = MessageController.m; sourceTree = "<group>"; };
		C21548ED1C50E82800DB6C8A /* CitiesViewController.m */ = {isa = PBXFileReference; fileEncoding = 4; lastKnownFileType = sourcecode.c.objc; path = CitiesViewController.m; sourceTree = "<group>"; };
/* End PBXFileReference section */

/* Begin PBXFrameworksBuildPhase section */
		840698391C4D80A500B92DD6 /* Frameworks */ = {
			isa = PBXFrameworksBuildPhase;
			buildActionMask = 2147483647;
			files = (
			);
			runOnlyForDeploymentPostprocessing = 0;
		};
/* End PBXFrameworksBuildPhase section */

/* Begin PBXGroup section */
		840698331C4D80A400B92DD6 = {
			isa = PBXGroup;
			children = (
				8406983E1C4D80A500B92DD6 /* resultantTest */,
				8406983D1C4D80A500B92DD6 /* Products */,
			);
			sourceTree = "<group>";
		};
		8406983D1C4D80A500B92DD6 /* Products */ = {
			isa = PBXGroup;
			children = (
				8406983C1C4D80A500B92DD6 /* resultantTest.app */,
			);
			name = Products;
			sourceTree = "<group>";
		};
		8406983E1C4D80A500B92DD6 /* resultantTest */ = {
			isa = PBXGroup;
			children = (
				8449E6E61C4ED82B00EE9E24 /* Network */,
				8449E6E21C4EC74600EE9E24 /* ViewController */,
				8449E6DE1C4EC46600EE9E24 /* Model */,
				8449E6D91C4EC19D00EE9E24 /* Local Storage */,
				840698421C4D80A500B92DD6 /* AppDelegate.h */,
				840698431C4D80A500B92DD6 /* AppDelegate.m */,
				840698481C4D80A600B92DD6 /* Main.storyboard */,
				8406984B1C4D80A600B92DD6 /* Assets.xcassets */,
				8406984D1C4D80A600B92DD6 /* LaunchScreen.storyboard */,
				840698501C4D80A600B92DD6 /* Info.plist */,
				8406983F1C4D80A500B92DD6 /* Supporting Files */,
			);
			path = resultantTest;
			sourceTree = "<group>";
		};
		8406983F1C4D80A500B92DD6 /* Supporting Files */ = {
			isa = PBXGroup;
			children = (
				840698401C4D80A500B92DD6 /* main.m */,
			);
			name = "Supporting Files";
			sourceTree = "<group>";
		};
		8449E6D91C4EC19D00EE9E24 /* Local Storage */ = {
			isa = PBXGroup;
			children = (
				8449E6DA1C4EC2CC00EE9E24 /* UserDefaultsSettings.h */,
				8449E6DB1C4EC2CC00EE9E24 /* UserDefaultsSettings.m */,
			);
			path = "Local Storage";
			sourceTree = "<group>";
		};
		8449E6DE1C4EC46600EE9E24 /* Model */ = {
			isa = PBXGroup;
			children = (
				8449E6DF1C4EC4F900EE9E24 /* City.h */,
				8449E6E01C4EC4F900EE9E24 /* City.m */,
			);
			path = Model;
			sourceTree = "<group>";
		};
		8449E6E21C4EC74600EE9E24 /* ViewController */ = {
			isa = PBXGroup;
			children = (
				840698451C4D80A500B92DD6 /* ViewController.h */,
				840698461C4D80A500B92DD6 /* ViewController.m */,
				8449E6E31C4EC88B00EE9E24 /* TabBarController.h */,
				8449E6E41C4EC88B00EE9E24 /* TabBarController.m */,
				C202C8611C4FE89900824178 /* MessageController.h */,
				C202C8621C4FE89900824178 /* MessageController.m */,
				9548C4361C50D7F00009F07D /* CitiesViewController.h */,
				C21548ED1C50E82800DB6C8A /* CitiesViewController.m */,
			);
			path = ViewController;
			sourceTree = "<group>";
		};
		8449E6E61C4ED82B00EE9E24 /* Network */ = {
			isa = PBXGroup;
			children = (
				8449E6E71C4ED87600EE9E24 /* Network.h */,
				8449E6E81C4ED87600EE9E24 /* Network.m */,
			);
			path = Network;
			sourceTree = "<group>";
		};
/* End PBXGroup section */

/* Begin PBXNativeTarget section */
		8406983B1C4D80A500B92DD6 /* resultantTest */ = {
			isa = PBXNativeTarget;
			buildConfigurationList = 840698531C4D80A600B92DD6 /* Build configuration list for PBXNativeTarget "resultantTest" */;
			buildPhases = (
				840698381C4D80A500B92DD6 /* Sources */,
				840698391C4D80A500B92DD6 /* Frameworks */,
				8406983A1C4D80A500B92DD6 /* Resources */,
			);
			buildRules = (
			);
			dependencies = (
			);
			name = resultantTest;
			productName = resultantTest;
			productReference = 8406983C1C4D80A500B92DD6 /* resultantTest.app */;
			productType = "com.apple.product-type.application";
		};
/* End PBXNativeTarget section */

/* Begin PBXProject section */
		840698341C4D80A400B92DD6 /* Project object */ = {
			isa = PBXProject;
			attributes = {
				LastUpgradeCheck = 0720;
				ORGANIZATIONNAME = Admin;
				TargetAttributes = {
					8406983B1C4D80A500B92DD6 = {
						CreatedOnToolsVersion = 7.2;
					};
				};
			};
			buildConfigurationList = 840698371C4D80A400B92DD6 /* Build configuration list for PBXProject "resultantTest" */;
			compatibilityVersion = "Xcode 3.2";
			developmentRegion = English;
			hasScannedForEncodings = 0;
			knownRegions = (
				en,
				Base,
			);
			mainGroup = 840698331C4D80A400B92DD6;
			productRefGroup = 8406983D1C4D80A500B92DD6 /* Products */;
			projectDirPath = "";
			projectRoot = "";
			targets = (
				8406983B1C4D80A500B92DD6 /* resultantTest */,
			);
		};
/* End PBXProject section */

/* Begin PBXResourcesBuildPhase section */
		8406983A1C4D80A500B92DD6 /* Resources */ = {
			isa = PBXResourcesBuildPhase;
			buildActionMask = 2147483647;
			files = (
				8406984F1C4D80A600B92DD6 /* LaunchScreen.storyboard in Resources */,
				8406984C1C4D80A600B92DD6 /* Assets.xcassets in Resources */,
				8406984A1C4D80A600B92DD6 /* Main.storyboard in Resources */,
			);
			runOnlyForDeploymentPostprocessing = 0;
		};
/* End PBXResourcesBuildPhase section */

/* Begin PBXSourcesBuildPhase section */
		840698381C4D80A500B92DD6 /* Sources */ = {
			isa = PBXSourcesBuildPhase;
			buildActionMask = 2147483647;
			files = (
				8449E6E11C4EC4F900EE9E24 /* City.m in Sources */,
				840698471C4D80A500B92DD6 /* ViewController.m in Sources */,
				8449E6DC1C4EC2CC00EE9E24 /* UserDefaultsSettings.m in Sources */,
				8449E6E51C4EC88B00EE9E24 /* TabBarController.m in Sources */,
				840698441C4D80A500B92DD6 /* AppDelegate.m in Sources */,
				C21548EE1C50E82800DB6C8A /* CitiesViewController.m in Sources */,
				8449E6E91C4ED87600EE9E24 /* Network.m in Sources */,
				840698411C4D80A500B92DD6 /* main.m in Sources */,
				C202C8631C4FE89900824178 /* MessageController.m in Sources */,
			);
			runOnlyForDeploymentPostprocessing = 0;
		};
/* End PBXSourcesBuildPhase section */

/* Begin PBXVariantGroup section */
		840698481C4D80A600B92DD6 /* Main.storyboard */ = {
			isa = PBXVariantGroup;
			children = (
				840698491C4D80A600B92DD6 /* Base */,
			);
			name = Main.storyboard;
			sourceTree = "<group>";
		};
		8406984D1C4D80A600B92DD6 /* LaunchScreen.storyboard */ = {
			isa = PBXVariantGroup;
			children = (
				8406984E1C4D80A600B92DD6 /* Base */,
			);
			name = LaunchScreen.storyboard;
			sourceTree = "<group>";
		};
/* End PBXVariantGroup section */

/* Begin XCBuildConfiguration section */
		840698511C4D80A600B92DD6 /* Debug */ = {
			isa = XCBuildConfiguration;
			buildSettings = {
				ALWAYS_SEARCH_USER_PATHS = NO;
				CLANG_CXX_LANGUAGE_STANDARD = "gnu++0x";
				CLANG_CXX_LIBRARY = "libc++";
				CLANG_ENABLE_MODULES = YES;
				CLANG_ENABLE_OBJC_ARC = YES;
				CLANG_WARN_BOOL_CONVERSION = YES;
				CLANG_WARN_CONSTANT_CONVERSION = YES;
				CLANG_WARN_DIRECT_OBJC_ISA_USAGE = YES_ERROR;
				CLANG_WARN_EMPTY_BODY = YES;
				CLANG_WARN_ENUM_CONVERSION = YES;
				CLANG_WARN_INT_CONVERSION = YES;
				CLANG_WARN_OBJC_ROOT_CLASS = YES_ERROR;
				CLANG_WARN_UNREACHABLE_CODE = YES;
				CLANG_WARN__DUPLICATE_METHOD_MATCH = YES;
				"CODE_SIGN_IDENTITY[sdk=iphoneos*]" = "iPhone Developer";
				COPY_PHASE_STRIP = NO;
				DEBUG_INFORMATION_FORMAT = dwarf;
				ENABLE_STRICT_OBJC_MSGSEND = YES;
				ENABLE_TESTABILITY = YES;
				GCC_C_LANGUAGE_STANDARD = gnu99;
				GCC_DYNAMIC_NO_PIC = NO;
				GCC_NO_COMMON_BLOCKS = YES;
				GCC_OPTIMIZATION_LEVEL = 0;
				GCC_PREPROCESSOR_DEFINITIONS = (
					"DEBUG=1",
					"$(inherited)",
				);
				GCC_WARN_64_TO_32_BIT_CONVERSION = YES;
				GCC_WARN_ABOUT_RETURN_TYPE = YES_ERROR;
				GCC_WARN_UNDECLARED_SELECTOR = YES;
				GCC_WARN_UNINITIALIZED_AUTOS = YES_AGGRESSIVE;
				GCC_WARN_UNUSED_FUNCTION = YES;
				GCC_WARN_UNUSED_VARIABLE = YES;
				IPHONEOS_DEPLOYMENT_TARGET = 9.2;
				MTL_ENABLE_DEBUG_INFO = YES;
				ONLY_ACTIVE_ARCH = YES;
				SDKROOT = iphoneos;
			};
			name = Debug;
		};
		840698521C4D80A600B92DD6 /* Release */ = {
			isa = XCBuildConfiguration;
			buildSettings = {
				ALWAYS_SEARCH_USER_PATHS = NO;
				CLANG_CXX_LANGUAGE_STANDARD = "gnu++0x";
				CLANG_CXX_LIBRARY = "libc++";
				CLANG_ENABLE_MODULES = YES;
				CLANG_ENABLE_OBJC_ARC = YES;
				CLANG_WARN_BOOL_CONVERSION = YES;
				CLANG_WARN_CONSTANT_CONVERSION = YES;
				CLANG_WARN_DIRECT_OBJC_ISA_USAGE = YES_ERROR;
				CLANG_WARN_EMPTY_BODY = YES;
				CLANG_WARN_ENUM_CONVERSION = YES;
				CLANG_WARN_INT_CONVERSION = YES;
				CLANG_WARN_OBJC_ROOT_CLASS = YES_ERROR;
				CLANG_WARN_UNREACHABLE_CODE = YES;
				CLANG_WARN__DUPLICATE_METHOD_MATCH = YES;
				"CODE_SIGN_IDENTITY[sdk=iphoneos*]" = "iPhone Developer";
				COPY_PHASE_STRIP = NO;
				DEBUG_INFORMATION_FORMAT = "dwarf-with-dsym";
				ENABLE_NS_ASSERTIONS = NO;
				ENABLE_STRICT_OBJC_MSGSEND = YES;
				GCC_C_LANGUAGE_STANDARD = gnu99;
				GCC_NO_COMMON_BLOCKS = YES;
				GCC_WARN_64_TO_32_BIT_CONVERSION = YES;
				GCC_WARN_ABOUT_RETURN_TYPE = YES_ERROR;
				GCC_WARN_UNDECLARED_SELECTOR = YES;
				GCC_WARN_UNINITIALIZED_AUTOS = YES_AGGRESSIVE;
				GCC_WARN_UNUSED_FUNCTION = YES;
				GCC_WARN_UNUSED_VARIABLE = YES;
				IPHONEOS_DEPLOYMENT_TARGET = 9.2;
				MTL_ENABLE_DEBUG_INFO = NO;
				SDKROOT = iphoneos;
				VALIDATE_PRODUCT = YES;
			};
			name = Release;
		};
		840698541C4D80A600B92DD6 /* Debug */ = {
			isa = XCBuildConfiguration;
			buildSettings = {
				ASSETCATALOG_COMPILER_APPICON_NAME = AppIcon;
				INFOPLIST_FILE = resultantTest/Info.plist;
				IPHONEOS_DEPLOYMENT_TARGET = 9.1;
				LD_RUNPATH_SEARCH_PATHS = "$(inherited) @executable_path/Frameworks";
				PRODUCT_BUNDLE_IDENTIFIER = resultant.resultantTest;
				PRODUCT_NAME = resultantTest;
				TARGETED_DEVICE_FAMILY = 1;
			};
			name = Debug;
		};
		840698551C4D80A600B92DD6 /* Release */ = {
			isa = XCBuildConfiguration;
			buildSettings = {
				ASSETCATALOG_COMPILER_APPICON_NAME = AppIcon;
				INFOPLIST_FILE = resultantTest/Info.plist;
				IPHONEOS_DEPLOYMENT_TARGET = 9.1;
				LD_RUNPATH_SEARCH_PATHS = "$(inherited) @executable_path/Frameworks";
				PRODUCT_BUNDLE_IDENTIFIER = resultant.resultantTest;
				PRODUCT_NAME = resultantTest;
				TARGETED_DEVICE_FAMILY = 1;
			};
			name = Release;
		};
/* End XCBuildConfiguration section */

/* Begin XCConfigurationList section */
		840698371C4D80A400B92DD6 /* Build configuration list for PBXProject "resultantTest" */ = {
			isa = XCConfigurationList;
			buildConfigurations = (
				840698511C4D80A600B92DD6 /* Debug */,
				840698521C4D80A600B92DD6 /* Release */,
			);
			defaultConfigurationIsVisible = 0;
			defaultConfigurationName = Release;
		};
		840698531C4D80A600B92DD6 /* Build configuration list for PBXNativeTarget "resultantTest" */ = {
			isa = XCConfigurationList;
			buildConfigurations = (
				840698541C4D80A600B92DD6 /* Debug */,
				840698551C4D80A600B92DD6 /* Release */,
			);
			defaultConfigurationIsVisible = 0;
			defaultConfigurationName = Release;
		};
/* End XCConfigurationList section */
	};
	rootObject = 840698341C4D80A400B92DD6 /* Project object */;
}
